{
  "object": {
    "pins": [
      {
        "package": "BasicThemeKit",
        "repositoryURL": "git@github.com:dangdennis/BasicThemeKit.git",
        "state": {
          "branch": "master",
          "revision": "cb14e387e5aa2b4dff9e80cabe85bf25581b1b5d",
          "version": null
        }
      }
    ]
  },
  "version": 1
}
